
Microsoft Visual Studio Solution File, Format Version 12.00
# Visual Studio Version 17
VisualStudioVersion = 17.5.33502.453
MinimumVisualStudioVersion = 10.0.40219.1
Project("{8BC9CEB8-8B4A-11D0-8D11-00A0C91BC942}") = "Car", "Car\Car.vcxproj", "{A2E692D1-882F-4222-8F7E-1AC50A5A1A27}"
EndProject
Project("{8BC9CEB8-8B4A-11D0-8D11-00A0C91BC942}") = "CarTests", "CarTests\CarTests.vcxproj", "{82BA780B-0588-41C1-8E0F-617D7877B10A}"
EndProject
Global
	GlobalSection(SolutionConfigurationPlatforms) = preSolution
		Debug|x64 = Debug|x64
		Debug|x86 = Debug|x86
		Release|x64 = Release|x64
		Release|x86 = Release|x86
	EndGlobalSection
	GlobalSection(ProjectConfigurationPlatforms) = postSolution
		{A2E692D1-882F-4222-8F7E-1AC50A5A1A27}.Debug|x64.ActiveCfg = Debug|x64
		{A2E692D1-882F-4222-8F7E-1AC50A5A1A27}.Debug|x64.Build.0 = Debug|x64
		{A2E692D1-882F-4222-8F7E-1AC50A5A1A27}.Debug|x86.ActiveCfg = Debug|Win32
		{A2E692D1-882F-4222-8F7E-1AC50A5A1A27}.Debug|x86.Build.0 = Debug|Win32
		{A2E692D1-882F-4222-8F7E-1AC50A5A1A27}.Release|x64.ActiveCfg = Release|x64
		{A2E692D1-882F-4222-8F7E-1AC50A5A1A27}.Release|x64.Build.0 = Release|x64
		{A2E692D1-882F-4222-8F7E-1AC50A5A1A27}.Release|x86.ActiveCfg = Release|Win32
		{A2E692D1-882F-4222-8F7E-1AC50A5A1A27}.Release|x86.Build.0 = Release|Win32
		{82BA780B-0588-41C1-8E0F-617D7877B10A}.Debug|x64.ActiveCfg = Debug|x64
		{82BA780B-0588-41C1-8E0F-617D7877B10A}.Debug|x64.Build.0 = Debug|x64
		{82BA780B-0588-41C1-8E0F-617D7877B10A}.Debug|x86.ActiveCfg = Debug|Win32
		{82BA780B-0588-41C1-8E0F-617D7877B10A}.Debug|x86.Build.0 = Debug|Win32
		{82BA780B-0588-41C1-8E0F-617D7877B10A}.Release|x64.ActiveCfg = Release|x64
		{82BA780B-0588-41C1-8E0F-617D7877B10A}.Release|x64.Build.0 = Release|x64
		{82BA780B-0588-41C1-8E0F-617D7877B10A}.Release|x86.ActiveCfg = Release|Win32
		{82BA780B-0588-41C1-8E0F-617D7877B10A}.Release|x86.Build.0 = Release|Win32
	EndGlobalSection
	GlobalSection(SolutionProperties) = preSolution
		HideSolutionNode = FALSE
	EndGlobalSection
	GlobalSection(ExtensibilityGlobals) = postSolution
		SolutionGuid = {3C515506-4A20-4010-8A95-D574B1FCF473}
	EndGlobalSection
EndGlobal
